<?xml version="1.0" encoding="utf-8"?>
<Project ToolsVersion="4.0" xmlns="http://schemas.microsoft.com/developer/msbuild/2003">
  <ItemGroup>
    <Filter Include="Source Files">
      <UniqueIdentifier>{4FC737F1-C7A5-4376-A066-2A32D752A2FF}</UniqueIdentifier>
      <Extensions>cpp;c;cc;cxx;def;odl;idl;hpj;bat;asm;asmx</Extensions>
    </Filter>
    <Filter Include="Header Files">
      <UniqueIdentifier>{93995380-89BD-4b04-88EB-625FBE52EBFB}</UniqueIdentifier>
      <Extensions>h;hh;hpp;hxx;hm;inl;inc;xsd</Extensions>
    </Filter>
    <Filter Include="Resource Files">
      <UniqueIdentifier>{67DA6AB6-F800-4c08-8B7A-83BB121AAD01}</UniqueIdentifier>
      <Extensions>rc;ico;cur;bmp;dlg;rc2;rct;bin;rgs;gif;jpg;jpeg;jpe;resx;tiff;tif;png;wav;mfcribbon-ms</Extensions>
    </Filter>
    <Filter Include="Resource Files\Buttons">
      <UniqueIdentifier>{df6e87e3-70dc-40be-a2df-8d87f702afaa}</UniqueIdentifier>
    </Filter>
    <Filter Include="Resource Files\Models">
      <UniqueIdentifier>{f7b64e1c-c08a-42b4-b1eb-d7993e60f694}</UniqueIdentifier>
    </Filter>
    <Filter Include="Resource Files\Shaders">
      <UniqueIdentifier>{97009267-7b6c-44af-9e93-306b3011b7c6}</UniqueIdentifier>
    </Filter>
  </ItemGroup>
  <ItemGroup>
    <ClCompile Include="main.cpp">
      <Filter>Source Files</Filter>
    </ClCompile>
    <ClCompile Include="MainGame.cpp">
      <Filter>Source Files</Filter>
    </ClCompile>
    <ClCompile Include="Display.cpp">
      <Filter>Source Files</Filter>
    </ClCompile>
    <ClCompile Include="Mesh.cpp">
      <Filter>Source Files</Filter>
    </ClCompile>
    <ClCompile Include="Shader.cpp">
      <Filter>Source Files</Filter>
    </ClCompile>
    <ClCompile Include="stb_image.c">
      <Filter>Source Files</Filter>
    </ClCompile>
    <ClCompile Include="Texture.cpp">
      <Filter>Source Files</Filter>
    </ClCompile>
    <ClCompile Include="obj_loader.cpp">
      <Filter>Source Files</Filter>
    </ClCompile>
    <ClCompile Include="Audio.cpp">
      <Filter>Source Files</Filter>
    </ClCompile>
    <ClCompile Include="Button.cpp">
      <Filter>Source Files</Filter>
    </ClCompile>
    <ClCompile Include="Uniform.cpp">
      <Filter>Source Files</Filter>
    </ClCompile>
  </ItemGroup>
  <ItemGroup>
    <ClInclude Include="MainGame.h">
      <Filter>Header Files</Filter>
    </ClInclude>
    <ClInclude Include="Display.h">
      <Filter>Header Files</Filter>
    </ClInclude>
    <ClInclude Include="Mesh.h">
      <Filter>Header Files</Filter>
    </ClInclude>
    <ClInclude Include="Shader.h">
      <Filter>Header Files</Filter>
    </ClInclude>
    <ClInclude Include="stb_image.h">
      <Filter>Header Files</Filter>
    </ClInclude>
    <ClInclude Include="Texture.h">
      <Filter>Header Files</Filter>
    </ClInclude>
    <ClInclude Include="transform.h">
      <Filter>Header Files</Filter>
    </ClInclude>
    <ClInclude Include="Camera.h">
      <Filter>Header Files</Filter>
    </ClInclude>
    <ClInclude Include="obj_loader.h">
      <Filter>Header Files</Filter>
    </ClInclude>
    <ClInclude Include="Audio.h">
      <Filter>Header Files</Filter>
    </ClInclude>
    <ClInclude Include="Button.h">
      <Filter>Header Files</Filter>
    </ClInclude>
    <ClInclude Include="Uniform.h">
      <Filter>Header Files</Filter>
    </ClInclude>
  </ItemGroup>
  <ItemGroup>
    <Object Include="..\res\Models\tree.obj">
      <Filter>Resource Files\Models</Filter>
    </Object>
    <Object Include="..\res\monkey3.obj">
      <Filter>Resource Files\Models</Filter>
    </Object>
  </ItemGroup>
  <ItemGroup>
    <Image Include="..\res\buttons\changeShader1Pressed.png">
      <Filter>Resource Files\Buttons</Filter>
    </Image>
    <Image Include="..\res\buttons\changeShader1Unpressed.png">
      <Filter>Resource Files\Buttons</Filter>
    </Image>
    <Image Include="..\res\buttons\changeShader2Pressed.png">
      <Filter>Resource Files\Buttons</Filter>
    </Image>
    <Image Include="..\res\buttons\changeShader2Unpressed.png">
      <Filter>Resource Files\Buttons</Filter>
    </Image>
    <Image Include="..\res\buttons\changeShader3Pressed.png">
      <Filter>Resource Files\Buttons</Filter>
    </Image>
    <Image Include="..\res\buttons\changeShader3Unpressed.png">
      <Filter>Resource Files\Buttons</Filter>
    </Image>
  </ItemGroup>
  <ItemGroup>
    <None Include="..\res\Shaders\shader.frag">
      <Filter>Resource Files\Shaders</Filter>
    </None>
    <None Include="..\res\Shaders\shader.vert">
      <Filter>Resource Files\Shaders</Filter>
    </None>
    <None Include="..\res\Shaders\shaderBlur.frag">
      <Filter>Resource Files\Shaders</Filter>
    </None>
    <None Include="..\res\Shaders\shaderBlur.vert">
      <Filter>Resource Files\Shaders</Filter>
    </None>
    <None Include="..\res\Shaders\shaderNoise.frag">
      <Filter>Resource Files\Shaders</Filter>
    </None>
    <None Include="..\res\Shaders\shaderNoise.vert">
      <Filter>Resource Files\Shaders</Filter>
    </None>
    <None Include="..\res\Shaders\shaderRim.frag">
      <Filter>Resource Files\Shaders</Filter>
    </None>
    <None Include="..\res\Shaders\shaderRim.vert">
      <Filter>Resource Files\Shaders</Filter>
    </None>
    <None Include="..\res\Shaders\shaderToon.frag">
      <Filter>Resource Files\Shaders</Filter>
    </None>
    <None Include="..\res\Shaders\shaderToon.vert">
      <Filter>Resource Files\Shaders</Filter>
    </None>
    <None Include="..\res\Shaders\shaderRimToon.frag">
      <Filter>Resource Files\Shaders</Filter>
    </None>
    <None Include="..\res\Shaders\shaderRimToon.vert">
      <Filter>Resource Files\Shaders</Filter>
    </None>
    <None Include="..\res\Shaders\shaderToonRipple.frag">
      <Filter>Resource Files\Shaders</Filter>
    </None>
    <None Include="..\res\Shaders\shaderToonRipple.vert">
      <Filter>Resource Files\Shaders</Filter>
    </None>
    <None Include="..\res\Shaders\shaderExplode.geom">
      <Filter>Resource Files\Shaders</Filter>
    </None>
    <None Include="..\res\Shaders\shaderExplode.frag">
      <Filter>Resource Files\Shaders</Filter>
    </None>
    <None Include="..\res\Shaders\shaderExplode.vert">
      <Filter>Resource Files\Shaders</Filter>
    </None>
    <None Include="..\res\Shaders\shaderToonFog.frag">
      <Filter>Resource Files\Shaders</Filter>
    </None>
    <None Include="..\res\Shaders\shaderToonFog.vert">
      <Filter>Resource Files\Shaders</Filter>
    </None>
    <None Include="..\res\Shaders\diffuseLighting.frag">
      <Filter>Resource Files\Shaders</Filter>
    </None>
    <None Include="..\res\Shaders\diffuseLighting.vert">
      <Filter>Resource Files\Shaders</Filter>
    </None>
  </ItemGroup>
</Project>